Microsoft Visual Studio Solution File, Format Version 12.00
# Visual Studio Version 17
VisualStudioVersion = 17.13.35825.156
MinimumVisualStudioVersion = 10.0.40219.1
Project("{FAE04EC0-301F-11D3-BF4B-00C04F79EFBC}") = "Merge_Shell_Sort", "Merge_Shell_Sort.csproj", "{3A082D47-18FF-46FE-A68D-46878C9E6353}"
EndProject
Global
	GlobalSection(SolutionConfigurationPlatforms) = preSolution
		Debug|Any CPU = Debug|Any CPU
		Release|Any CPU = Release|Any CPU
	EndGlobalSection
	GlobalSection(ProjectConfigurationPlatforms) = postSolution
		{3A082D47-18FF-46FE-A68D-46878C9E6353}.Debug|Any CPU.ActiveCfg = Debug|Any CPU
		{3A082D47-18FF-46FE-A68D-46878C9E6353}.Debug|Any CPU.Build.0 = Debug|Any CPU
		{3A082D47-18FF-46FE-A68D-46878C9E6353}.Release|Any CPU.ActiveCfg = Release|Any CPU
		{3A082D47-18FF-46FE-A68D-46878C9E6353}.Release|Any CPU.Build.0 = Release|Any CPU
	EndGlobalSection
	GlobalSection(SolutionProperties) = preSolution
		HideSolutionNode = FALSE
	EndGlobalSection
	GlobalSection(ExtensibilityGlobals) = postSolution
		SolutionGuid = {54B130D4-ED8F-4B41-A721-2A12EE4ACCC7}
	EndGlobalSection
EndGlobal
